
Microsoft Visual Studio Solution File, Format Version 12.00
# Visual Studio Version 16
VisualStudioVersion = 16.0.30517.126
MinimumVisualStudioVersion = 10.0.40219.1
Project("{FAE04EC0-301F-11D3-BF4B-00C04F79EFBC}") = "RentNowApp", "RentNowApp\RentNowApp.csproj", "{2EAC37BA-AAAF-4759-AD4D-0742F68B44AE}"
EndProject
Global
	GlobalSection(SolutionConfigurationPlatforms) = preSolution
		Debug|Any CPU = Debug|Any CPU
		Release|Any CPU = Release|Any CPU
	EndGlobalSection
	GlobalSection(ProjectConfigurationPlatforms) = postSolution
		{2EAC37BA-AAAF-4759-AD4D-0742F68B44AE}.Debug|Any CPU.ActiveCfg = Debug|Any CPU
		{2EAC37BA-AAAF-4759-AD4D-0742F68B44AE}.Debug|Any CPU.Build.0 = Debug|Any CPU
		{2EAC37BA-AAAF-4759-AD4D-0742F68B44AE}.Release|Any CPU.ActiveCfg = Release|Any CPU
		{2EAC37BA-AAAF-4759-AD4D-0742F68B44AE}.Release|Any CPU.Build.0 = Release|Any CPU
	EndGlobalSection
	GlobalSection(SolutionProperties) = preSolution
		HideSolutionNode = FALSE
	EndGlobalSection
	GlobalSection(ExtensibilityGlobals) = postSolution
		SolutionGuid = {9F105163-1C9A-40BC-BCAB-FABDCE6B0B26}
	EndGlobalSection
EndGlobal
